
Microsoft Visual Studio Solution File, Format Version 12.00
# Visual Studio Version 18
VisualStudioVersion = 18.3.11520.95 d18.3
MinimumVisualStudioVersion = 10.0.40219.1
Project("{FAE04EC0-301F-11D3-BF4B-00C04F79EFBC}") = "BCP.QRBackOffice.WebApp", "BCP.QRBackOffice.WebApp\BCP.QRBackOffice.WebApp.csproj", "{4DAAACA6-92BC-4D43-A78A-B5FF44F2B90E}"
EndProject
Project("{FAE04EC0-301F-11D3-BF4B-00C04F79EFBC}") = "BCP.QRBackOffice.Models", "BCP.QRBackOffice.Models\BCP.QRBackOffice.Models.csproj", "{FB393D8D-D307-4A3C-AFF5-B89C7D4C494E}"
EndProject
Project("{2150E333-8FDC-42A3-9474-1A3956D46DE8}") = "Source", "Source", "{02EA681E-C7D8-13C7-8484-4AC65E1B71E8}"
EndProject
Project("{2150E333-8FDC-42A3-9474-1A3956D46DE8}") = "Connectors", "Connectors", "{4E5CA36F-BE3C-4F8D-B522-28ACA289190D}"
EndProject
Project("{FAE04EC0-301F-11D3-BF4B-00C04F79EFBC}") = "BCP.Connector.Business", "BCP.Connector.Business\BCP.Connector.Business.csproj", "{8FC891FD-0A2D-4823-8F89-CA4FDB4836AA}"
EndProject
Project("{FAE04EC0-301F-11D3-BF4B-00C04F79EFBC}") = "BCP.Connector.Branch", "BCP.Connector.Branch\BCP.Connector.Branch.csproj", "{7B5C196F-F603-4C73-83A6-A5B73DEA9ED9}"
EndProject
Project("{2150E333-8FDC-42A3-9474-1A3956D46DE8}") = "Framework", "Framework", "{B6F15388-30CB-4952-B6B1-A7E26A48F743}"
EndProject
Project("{FAE04EC0-301F-11D3-BF4B-00C04F79EFBC}") = "BCP.Framework.Log", "BCP.Framework.Log\BCP.Framework.Log.csproj", "{F400C8A0-A346-44BD-8C7F-FD412529288B}"
EndProject
Project("{FAE04EC0-301F-11D3-BF4B-00C04F79EFBC}") = "BCP.Framework.Security", "BCP.Framework.Security\BCP.Framework.Security.csproj", "{448B1EFA-017E-4753-AAC5-2493AC670FC6}"
EndProject
Project("{FAE04EC0-301F-11D3-BF4B-00C04F79EFBC}") = "BCP.Connector.Notification", "BCP.Connector.Notification\BCP.Connector.Notification.csproj", "{F0FA785C-1F8C-4CA9-B20B-1DB5344250B5}"
EndProject
Project("{FAE04EC0-301F-11D3-BF4B-00C04F79EFBC}") = "BCP.Connector.Segurinet", "BCP.Connector.Segurinet\BCP.Connector.Segurinet.csproj", "{F8C7859D-910D-44DD-95A6-A04D944114AB}"
EndProject
Project("{FAE04EC0-301F-11D3-BF4B-00C04F79EFBC}") = "BCP.Connector.Station", "BCP.Connector.Station\BCP.Connector.Station.csproj", "{2252F46A-079E-40C1-AB6A-6A6237213173}"
EndProject
Project("{FAE04EC0-301F-11D3-BF4B-00C04F79EFBC}") = "BCP.Connector.User", "BCP.Connector.User\BCP.Connector.User.csproj", "{25A8BB68-F345-B93A-B048-1CB4F19A8C02}"
EndProject
Project("{FAE04EC0-301F-11D3-BF4B-00C04F79EFBC}") = "BCP.Connector.Company", "ICompanyConnector\BCP.Connector.Company.csproj", "{A29E2042-5A7C-4899-941E-659D830436F5}"
EndProject
Project("{FAE04EC0-301F-11D3-BF4B-00C04F79EFBC}") = "BCP.Connector.Report", "BCP.Connector.Report\BCP.Connector.Report.csproj", "{6230118D-6722-4DDF-9AF6-51784C05D041}"
EndProject
Global
	GlobalSection(SolutionConfigurationPlatforms) = preSolution
		Debug|Any CPU = Debug|Any CPU
		Release|Any CPU = Release|Any CPU
	EndGlobalSection
	GlobalSection(ProjectConfigurationPlatforms) = postSolution
		{4DAAACA6-92BC-4D43-A78A-B5FF44F2B90E}.Debug|Any CPU.ActiveCfg = Debug|Any CPU
		{4DAAACA6-92BC-4D43-A78A-B5FF44F2B90E}.Debug|Any CPU.Build.0 = Debug|Any CPU
		{4DAAACA6-92BC-4D43-A78A-B5FF44F2B90E}.Release|Any CPU.ActiveCfg = Release|Any CPU
		{4DAAACA6-92BC-4D43-A78A-B5FF44F2B90E}.Release|Any CPU.Build.0 = Release|Any CPU
		{FB393D8D-D307-4A3C-AFF5-B89C7D4C494E}.Debug|Any CPU.ActiveCfg = Debug|Any CPU
		{FB393D8D-D307-4A3C-AFF5-B89C7D4C494E}.Debug|Any CPU.Build.0 = Debug|Any CPU
		{FB393D8D-D307-4A3C-AFF5-B89C7D4C494E}.Release|Any CPU.ActiveCfg = Release|Any CPU
		{FB393D8D-D307-4A3C-AFF5-B89C7D4C494E}.Release|Any CPU.Build.0 = Release|Any CPU
		{8FC891FD-0A2D-4823-8F89-CA4FDB4836AA}.Debug|Any CPU.ActiveCfg = Debug|Any CPU
		{8FC891FD-0A2D-4823-8F89-CA4FDB4836AA}.Debug|Any CPU.Build.0 = Debug|Any CPU
		{8FC891FD-0A2D-4823-8F89-CA4FDB4836AA}.Release|Any CPU.ActiveCfg = Release|Any CPU
		{8FC891FD-0A2D-4823-8F89-CA4FDB4836AA}.Release|Any CPU.Build.0 = Release|Any CPU
		{7B5C196F-F603-4C73-83A6-A5B73DEA9ED9}.Debug|Any CPU.ActiveCfg = Debug|Any CPU
		{7B5C196F-F603-4C73-83A6-A5B73DEA9ED9}.Debug|Any CPU.Build.0 = Debug|Any CPU
		{7B5C196F-F603-4C73-83A6-A5B73DEA9ED9}.Release|Any CPU.ActiveCfg = Release|Any CPU
		{7B5C196F-F603-4C73-83A6-A5B73DEA9ED9}.Release|Any CPU.Build.0 = Release|Any CPU
		{F400C8A0-A346-44BD-8C7F-FD412529288B}.Debug|Any CPU.ActiveCfg = Debug|Any CPU
		{F400C8A0-A346-44BD-8C7F-FD412529288B}.Debug|Any CPU.Build.0 = Debug|Any CPU
		{F400C8A0-A346-44BD-8C7F-FD412529288B}.Release|Any CPU.ActiveCfg = Release|Any CPU
		{F400C8A0-A346-44BD-8C7F-FD412529288B}.Release|Any CPU.Build.0 = Release|Any CPU
		{448B1EFA-017E-4753-AAC5-2493AC670FC6}.Debug|Any CPU.ActiveCfg = Debug|Any CPU
		{448B1EFA-017E-4753-AAC5-2493AC670FC6}.Debug|Any CPU.Build.0 = Debug|Any CPU
		{448B1EFA-017E-4753-AAC5-2493AC670FC6}.Release|Any CPU.ActiveCfg = Release|Any CPU
		{448B1EFA-017E-4753-AAC5-2493AC670FC6}.Release|Any CPU.Build.0 = Release|Any CPU
		{F0FA785C-1F8C-4CA9-B20B-1DB5344250B5}.Debug|Any CPU.ActiveCfg = Debug|Any CPU
		{F0FA785C-1F8C-4CA9-B20B-1DB5344250B5}.Debug|Any CPU.Build.0 = Debug|Any CPU
		{F0FA785C-1F8C-4CA9-B20B-1DB5344250B5}.Release|Any CPU.ActiveCfg = Release|Any CPU
		{F0FA785C-1F8C-4CA9-B20B-1DB5344250B5}.Release|Any CPU.Build.0 = Release|Any CPU
		{F8C7859D-910D-44DD-95A6-A04D944114AB}.Debug|Any CPU.ActiveCfg = Debug|Any CPU
		{F8C7859D-910D-44DD-95A6-A04D944114AB}.Debug|Any CPU.Build.0 = Debug|Any CPU
		{F8C7859D-910D-44DD-95A6-A04D944114AB}.Release|Any CPU.ActiveCfg = Release|Any CPU
		{F8C7859D-910D-44DD-95A6-A04D944114AB}.Release|Any CPU.Build.0 = Release|Any CPU
		{2252F46A-079E-40C1-AB6A-6A6237213173}.Debug|Any CPU.ActiveCfg = Debug|Any CPU
		{2252F46A-079E-40C1-AB6A-6A6237213173}.Debug|Any CPU.Build.0 = Debug|Any CPU
		{2252F46A-079E-40C1-AB6A-6A6237213173}.Release|Any CPU.ActiveCfg = Release|Any CPU
		{2252F46A-079E-40C1-AB6A-6A6237213173}.Release|Any CPU.Build.0 = Release|Any CPU
		{25A8BB68-F345-B93A-B048-1CB4F19A8C02}.Debug|Any CPU.ActiveCfg = Debug|Any CPU
		{25A8BB68-F345-B93A-B048-1CB4F19A8C02}.Debug|Any CPU.Build.0 = Debug|Any CPU
		{25A8BB68-F345-B93A-B048-1CB4F19A8C02}.Release|Any CPU.ActiveCfg = Release|Any CPU
		{25A8BB68-F345-B93A-B048-1CB4F19A8C02}.Release|Any CPU.Build.0 = Release|Any CPU
		{A29E2042-5A7C-4899-941E-659D830436F5}.Debug|Any CPU.ActiveCfg = Debug|Any CPU
		{A29E2042-5A7C-4899-941E-659D830436F5}.Debug|Any CPU.Build.0 = Debug|Any CPU
		{A29E2042-5A7C-4899-941E-659D830436F5}.Release|Any CPU.ActiveCfg = Release|Any CPU
		{A29E2042-5A7C-4899-941E-659D830436F5}.Release|Any CPU.Build.0 = Release|Any CPU
		{6230118D-6722-4DDF-9AF6-51784C05D041}.Debug|Any CPU.ActiveCfg = Debug|Any CPU
		{6230118D-6722-4DDF-9AF6-51784C05D041}.Debug|Any CPU.Build.0 = Debug|Any CPU
		{6230118D-6722-4DDF-9AF6-51784C05D041}.Release|Any CPU.ActiveCfg = Release|Any CPU
		{6230118D-6722-4DDF-9AF6-51784C05D041}.Release|Any CPU.Build.0 = Release|Any CPU
	EndGlobalSection
	GlobalSection(SolutionProperties) = preSolution
		HideSolutionNode = FALSE
	EndGlobalSection
	GlobalSection(NestedProjects) = preSolution
		{4DAAACA6-92BC-4D43-A78A-B5FF44F2B90E} = {02EA681E-C7D8-13C7-8484-4AC65E1B71E8}
		{8FC891FD-0A2D-4823-8F89-CA4FDB4836AA} = {4E5CA36F-BE3C-4F8D-B522-28ACA289190D}
		{7B5C196F-F603-4C73-83A6-A5B73DEA9ED9} = {4E5CA36F-BE3C-4F8D-B522-28ACA289190D}
		{F400C8A0-A346-44BD-8C7F-FD412529288B} = {B6F15388-30CB-4952-B6B1-A7E26A48F743}
		{448B1EFA-017E-4753-AAC5-2493AC670FC6} = {B6F15388-30CB-4952-B6B1-A7E26A48F743}
		{F0FA785C-1F8C-4CA9-B20B-1DB5344250B5} = {4E5CA36F-BE3C-4F8D-B522-28ACA289190D}
		{F8C7859D-910D-44DD-95A6-A04D944114AB} = {4E5CA36F-BE3C-4F8D-B522-28ACA289190D}
		{2252F46A-079E-40C1-AB6A-6A6237213173} = {4E5CA36F-BE3C-4F8D-B522-28ACA289190D}
		{25A8BB68-F345-B93A-B048-1CB4F19A8C02} = {4E5CA36F-BE3C-4F8D-B522-28ACA289190D}
		{A29E2042-5A7C-4899-941E-659D830436F5} = {4E5CA36F-BE3C-4F8D-B522-28ACA289190D}
		{6230118D-6722-4DDF-9AF6-51784C05D041} = {4E5CA36F-BE3C-4F8D-B522-28ACA289190D}
	EndGlobalSection
	GlobalSection(ExtensibilityGlobals) = postSolution
		SolutionGuid = {30F8DA10-FA10-412B-8E69-91EDE26AABF4}
	EndGlobalSection
EndGlobal
